// !$*UTF8*$!
{
	archiveVersion = 1;
	classes = {
	};
	objectVersion = 46;
	objects = {

/* Begin PBXBuildFile section */
		BDE2DF201E70F2C300D1B56B /* main.m in Sources */ = {isa = PBXBuildFile; fileRef = BDE2DF1F1E70F2C300D1B56B /* main.m */; };
		BDE2DF231E70F2C300D1B56B /* AppDelegate.m in Sources */ = {isa = PBXBuildFile; fileRef = BDE2DF221E70F2C300D1B56B /* AppDelegate.m */; };
		BDE2DF291E70F2C300D1B56B /* Main.storyboard in Resources */ = {isa = PBXBuildFile; fileRef = BDE2DF271E70F2C300D1B56B /* Main.storyboard */; };
		BDE2DF2B1E70F2C300D1B56B /* Assets.xcassets in Resources */ = {isa = PBXBuildFile; fileRef = BDE2DF2A1E70F2C300D1B56B /* Assets.xcassets */; };
		BDE2DF2E1E70F2C300D1B56B /* LaunchScreen.storyboard in Resources */ = {isa = PBXBuildFile; fileRef = BDE2DF2C1E70F2C300D1B56B /* LaunchScreen.storyboard */; };
		BDE2DF391E70F2C300D1B56B /* HTTabBarControllerTests.m in Sources */ = {isa = PBXBuildFile; fileRef = BDE2DF381E70F2C300D1B56B /* HTTabBarControllerTests.m */; };
		BDE2DF441E70F2C300D1B56B /* HTTabBarControllerUITests.m in Sources */ = {isa = PBXBuildFile; fileRef = BDE2DF431E70F2C300D1B56B /* HTTabBarControllerUITests.m */; };
		BDE2DF5B1E70F31C00D1B56B /* FiveViewController.m in Sources */ = {isa = PBXBuildFile; fileRef = BDE2DF521E70F31C00D1B56B /* FiveViewController.m */; };
		BDE2DF5C1E70F31C00D1B56B /* FourViewController.m in Sources */ = {isa = PBXBuildFile; fileRef = BDE2DF541E70F31C00D1B56B /* FourViewController.m */; };
		BDE2DF5D1E70F31C00D1B56B /* RootViewController.m in Sources */ = {isa = PBXBuildFile; fileRef = BDE2DF561E70F31C00D1B56B /* RootViewController.m */; };
		BDE2DF5E1E70F31C00D1B56B /* SecondViewController.m in Sources */ = {isa = PBXBuildFile; fileRef = BDE2DF581E70F31C00D1B56B /* SecondViewController.m */; };
		BDE2DF5F1E70F31C00D1B56B /* ThirdViewController.m in Sources */ = {isa = PBXBuildFile; fileRef = BDE2DF5A1E70F31C00D1B56B /* ThirdViewController.m */; };
		BDE2DF651E70F39500D1B56B /* HTTools.m in Sources */ = {isa = PBXBuildFile; fileRef = BDE2DF631E70F39500D1B56B /* HTTools.m */; };
/* End PBXBuildFile section */

/* Begin PBXContainerItemProxy section */
		BDE2DF351E70F2C300D1B56B /* PBXContainerItemProxy */ = {
			isa = PBXContainerItemProxy;
			containerPortal = BDE2DF131E70F2C300D1B56B /* Project object */;
			proxyType = 1;
			remoteGlobalIDString = BDE2DF1A1E70F2C300D1B56B;
			remoteInfo = HTTabBarController;
		};
		BDE2DF401E70F2C300D1B56B /* PBXContainerItemProxy */ = {
			isa = PBXContainerItemProxy;
			containerPortal = BDE2DF131E70F2C300D1B56B /* Project object */;
			proxyType = 1;
			remoteGlobalIDString = BDE2DF1A1E70F2C300D1B56B;
			remoteInfo = HTTabBarController;
		};
/* End PBXContainerItemProxy section */

/* Begin PBXFileReference section */
		BDE2DF1B1E70F2C300D1B56B /* HTTabBarController.app */ = {isa = PBXFileReference; explicitFileType = wrapper.application; includeInIndex = 0; path = HTTabBarController.app; sourceTree = BUILT_PRODUCTS_DIR; };
		BDE2DF1F1E70F2C300D1B56B /* main.m */ = {isa = PBXFileReference; lastKnownFileType = sourcecode.c.objc; path = main.m; sourceTree = "<group>"; };
		BDE2DF211E70F2C300D1B56B /* AppDelegate.h */ = {isa = PBXFileReference; lastKnownFileType = sourcecode.c.h; path = AppDelegate.h; sourceTree = "<group>"; };
		BDE2DF221E70F2C300D1B56B /* AppDelegate.m */ = {isa = PBXFileReference; lastKnownFileType = sourcecode.c.objc; path = AppDelegate.m; sourceTree = "<group>"; };
		BDE2DF281E70F2C300D1B56B /* Base */ = {isa = PBXFileReference; lastKnownFileType = file.storyboard; name = Base; path = Base.lproj/Main.storyboard; sourceTree = "<group>"; };
		BDE2DF2A1E70F2C300D1B56B /* Assets.xcassets */ = {isa = PBXFileReference; lastKnownFileType = folder.assetcatalog; path = Assets.xcassets; sourceTree = "<group>"; };
		BDE2DF2D1E70F2C300D1B56B /* Base */ = {isa = PBXFileReference; lastKnownFileType = file.storyboard; name = Base; path = Base.lproj/LaunchScreen.storyboard; sourceTree = "<group>"; };
		BDE2DF2F1E70F2C300D1B56B /* Info.plist */ = {isa = PBXFileReference; lastKnownFileType = text.plist.xml; path = Info.plist; sourceTree = "<group>"; };
		BDE2DF341E70F2C300D1B56B /* HTTabBarControllerTests.xctest */ = {isa = PBXFileReference; explicitFileType = wrapper.cfbundle; includeInIndex = 0; path = HTTabBarControllerTests.xctest; sourceTree = BUILT_PRODUCTS_DIR; };
		BDE2DF381E70F2C300D1B56B /* HTTabBarControllerTests.m */ = {isa = PBXFileReference; lastKnownFileType = sourcecode.c.objc; path = HTTabBarControllerTests.m; sourceTree = "<group>"; };
		BDE2DF3A1E70F2C300D1B56B /* Info.plist */ = {isa = PBXFileReference; lastKnownFileType = text.plist.xml; path = Info.plist; sourceTree = "<group>"; };
		BDE2DF3F1E70F2C300D1B56B /* HTTabBarControllerUITests.xctest */ = {isa = PBXFileReference; explicitFileType = wrapper.cfbundle; includeInIndex = 0; path = HTTabBarControllerUITests.xctest; sourceTree = BUILT_PRODUCTS_DIR; };
		BDE2DF431E70F2C300D1B56B /* HTTabBarControllerUITests.m */ = {isa = PBXFileReference; lastKnownFileType = sourcecode.c.objc; path = HTTabBarControllerUITests.m; sourceTree = "<group>"; };
		BDE2DF451E70F2C300D1B56B /* Info.plist */ = {isa = PBXFileReference; lastKnownFileType = text.plist.xml; path = Info.plist; sourceTree = "<group>"; };
		BDE2DF511E70F31C00D1B56B /* FiveViewController.h */ = {isa = PBXFileReference; fileEncoding = 4; lastKnownFileType = sourcecode.c.h; path = FiveViewController.h; sourceTree = "<group>"; };
		BDE2DF521E70F31C00D1B56B /* FiveViewController.m */ = {isa = PBXFileReference; fileEncoding = 4; lastKnownFileType = sourcecode.c.objc; path = FiveViewController.m; sourceTree = "<group>"; };
		BDE2DF531E70F31C00D1B56B /* FourViewController.h */ = {isa = PBXFileReference; fileEncoding = 4; lastKnownFileType = sourcecode.c.h; path = FourViewController.h; sourceTree = "<group>"; };
		BDE2DF541E70F31C00D1B56B /* FourViewController.m */ = {isa = PBXFileReference; fileEncoding = 4; lastKnownFileType = sourcecode.c.objc; path = FourViewController.m; sourceTree = "<group>"; };
		BDE2DF551E70F31C00D1B56B /* RootViewController.h */ = {isa = PBXFileReference; fileEncoding = 4; lastKnownFileType = sourcecode.c.h; path = RootViewController.h; sourceTree = "<group>"; };
		BDE2DF561E70F31C00D1B56B /* RootViewController.m */ = {isa = PBXFileReference; fileEncoding = 4; lastKnownFileType = sourcecode.c.objc; path = RootViewController.m; sourceTree = "<group>"; };
		BDE2DF571E70F31C00D1B56B /* SecondViewController.h */ = {isa = PBXFileReference; fileEncoding = 4; lastKnownFileType = sourcecode.c.h; path = SecondViewController.h; sourceTree = "<group>"; };
		BDE2DF581E70F31C00D1B56B /* SecondViewController.m */ = {isa = PBXFileReference; fileEncoding = 4; lastKnownFileType = sourcecode.c.objc; path = SecondViewController.m; sourceTree = "<group>"; };
		BDE2DF591E70F31C00D1B56B /* ThirdViewController.h */ = {isa = PBXFileReference; fileEncoding = 4; lastKnownFileType = sourcecode.c.h; path = ThirdViewController.h; sourceTree = "<group>"; };
		BDE2DF5A1E70F31C00D1B56B /* ThirdViewController.m */ = {isa = PBXFileReference; fileEncoding = 4; lastKnownFileType = sourcecode.c.objc; path = ThirdViewController.m; sourceTree = "<group>"; };
		BDE2DF621E70F39500D1B56B /* HTTools.h */ = {isa = PBXFileReference; fileEncoding = 4; lastKnownFileType = sourcecode.c.h; path = HTTools.h; sourceTree = "<group>"; };
		BDE2DF631E70F39500D1B56B /* HTTools.m */ = {isa = PBXFileReference; fileEncoding = 4; lastKnownFileType = sourcecode.c.objc; path = HTTools.m; sourceTree = "<group>"; };
/* End PBXFileReference section */

/* Begin PBXFrameworksBuildPhase section */
		BDE2DF181E70F2C300D1B56B /* Frameworks */ = {
			isa = PBXFrameworksBuildPhase;
			buildActionMask = 2147483647;
			files = (
			);
			runOnlyForDeploymentPostprocessing = 0;
		};
		BDE2DF311E70F2C300D1B56B /* Frameworks */ = {
			isa = PBXFrameworksBuildPhase;
			buildActionMask = 2147483647;
			files = (
			);
			runOnlyForDeploymentPostprocessing = 0;
		};
		BDE2DF3C1E70F2C300D1B56B /* Frameworks */ = {
			isa = PBXFrameworksBuildPhase;
			buildActionMask = 2147483647;
			files = (
			);
			runOnlyForDeploymentPostprocessing = 0;
		};
/* End PBXFrameworksBuildPhase section */

/* Begin PBXGroup section */
		BDE2DF121E70F2C300D1B56B = {
			isa = PBXGroup;
			children = (
				BDE2DF1D1E70F2C300D1B56B /* HTTabBarController */,
				BDE2DF371E70F2C300D1B56B /* HTTabBarControllerTests */,
				BDE2DF421E70F2C300D1B56B /* HTTabBarControllerUITests */,
				BDE2DF1C1E70F2C300D1B56B /* Products */,
			);
			sourceTree = "<group>";
		};
		BDE2DF1C1E70F2C300D1B56B /* Products */ = {
			isa = PBXGroup;
			children = (
				BDE2DF1B1E70F2C300D1B56B /* HTTabBarController.app */,
				BDE2DF341E70F2C300D1B56B /* HTTabBarControllerTests.xctest */,
				BDE2DF3F1E70F2C300D1B56B /* HTTabBarControllerUITests.xctest */,
			);
			name = Products;
			sourceTree = "<group>";
		};
		BDE2DF1D1E70F2C300D1B56B /* HTTabBarController */ = {
			isa = PBXGroup;
			children = (
				BDE2DF601E70F39500D1B56B /* Tools */,
				BDE2DF211E70F2C300D1B56B /* AppDelegate.h */,
				BDE2DF221E70F2C300D1B56B /* AppDelegate.m */,
				BDE2DF551E70F31C00D1B56B /* RootViewController.h */,
				BDE2DF561E70F31C00D1B56B /* RootViewController.m */,
				BDE2DF571E70F31C00D1B56B /* SecondViewController.h */,
				BDE2DF581E70F31C00D1B56B /* SecondViewController.m */,
				BDE2DF591E70F31C00D1B56B /* ThirdViewController.h */,
				BDE2DF5A1E70F31C00D1B56B /* ThirdViewController.m */,
				BDE2DF531E70F31C00D1B56B /* FourViewController.h */,
				BDE2DF541E70F31C00D1B56B /* FourViewController.m */,
				BDE2DF511E70F31C00D1B56B /* FiveViewController.h */,
				BDE2DF521E70F31C00D1B56B /* FiveViewController.m */,
				BDE2DF271E70F2C300D1B56B /* Main.storyboard */,
				BDE2DF2A1E70F2C300D1B56B /* Assets.xcassets */,
				BDE2DF2C1E70F2C300D1B56B /* LaunchScreen.storyboard */,
				BDE2DF2F1E70F2C300D1B56B /* Info.plist */,
				BDE2DF1E1E70F2C300D1B56B /* Supporting Files */,
			);
			path = HTTabBarController;
			sourceTree = "<group>";
		};
		BDE2DF1E1E70F2C300D1B56B /* Supporting Files */ = {
			isa = PBXGroup;
			children = (
				BDE2DF1F1E70F2C300D1B56B /* main.m */,
			);
			name = "Supporting Files";
			sourceTree = "<group>";
		};
		BDE2DF371E70F2C300D1B56B /* HTTabBarControllerTests */ = {
			isa = PBXGroup;
			children = (
				BDE2DF381E70F2C300D1B56B /* HTTabBarControllerTests.m */,
				BDE2DF3A1E70F2C300D1B56B /* Info.plist */,
			);
			path = HTTabBarControllerTests;
			sourceTree = "<group>";
		};
		BDE2DF421E70F2C300D1B56B /* HTTabBarControllerUITests */ = {
			isa = PBXGroup;
			children = (
				BDE2DF431E70F2C300D1B56B /* HTTabBarControllerUITests.m */,
				BDE2DF451E70F2C300D1B56B /* Info.plist */,
			);
			path = HTTabBarControllerUITests;
			sourceTree = "<group>";
		};
		BDE2DF601E70F39500D1B56B /* Tools */ = {
			isa = PBXGroup;
			children = (
				BDE2DF621E70F39500D1B56B /* HTTools.h */,
				BDE2DF631E70F39500D1B56B /* HTTools.m */,
			);
			path = Tools;
			sourceTree = "<group>";
		};
/* End PBXGroup section */

/* Begin PBXNativeTarget section */
		BDE2DF1A1E70F2C300D1B56B /* HTTabBarController */ = {
			isa = PBXNativeTarget;
			buildConfigurationList = BDE2DF481E70F2C300D1B56B /* Build configuration list for PBXNativeTarget "HTTabBarController" */;
			buildPhases = (
				BDE2DF171E70F2C300D1B56B /* Sources */,
				BDE2DF181E70F2C300D1B56B /* Frameworks */,
				BDE2DF191E70F2C300D1B56B /* Resources */,
			);
			buildRules = (
			);
			dependencies = (
			);
			name = HTTabBarController;
			productName = HTTabBarController;
			productReference = BDE2DF1B1E70F2C300D1B56B /* HTTabBarController.app */;
			productType = "com.apple.product-type.application";
		};
		BDE2DF331E70F2C300D1B56B /* HTTabBarControllerTests */ = {
			isa = PBXNativeTarget;
			buildConfigurationList = BDE2DF4B1E70F2C300D1B56B /* Build configuration list for PBXNativeTarget "HTTabBarControllerTests" */;
			buildPhases = (
				BDE2DF301E70F2C300D1B56B /* Sources */,
				BDE2DF311E70F2C300D1B56B /* Frameworks */,
				BDE2DF321E70F2C300D1B56B /* Resources */,
			);
			buildRules = (
			);
			dependencies = (
				BDE2DF361E70F2C300D1B56B /* PBXTargetDependency */,
			);
			name = HTTabBarControllerTests;
			productName = HTTabBarControllerTests;
			productReference = BDE2DF341E70F2C300D1B56B /* HTTabBarControllerTests.xctest */;
			productType = "com.apple.product-type.bundle.unit-test";
		};
		BDE2DF3E1E70F2C300D1B56B /* HTTabBarControllerUITests */ = {
			isa = PBXNativeTarget;
			buildConfigurationList = BDE2DF4E1E70F2C300D1B56B /* Build configuration list for PBXNativeTarget "HTTabBarControllerUITests" */;
			buildPhases = (
				BDE2DF3B1E70F2C300D1B56B /* Sources */,
				BDE2DF3C1E70F2C300D1B56B /* Frameworks */,
				BDE2DF3D1E70F2C300D1B56B /* Resources */,
			);
			buildRules = (
			);
			dependencies = (
				BDE2DF411E70F2C300D1B56B /* PBXTargetDependency */,
			);
			name = HTTabBarControllerUITests;
			productName = HTTabBarControllerUITests;
			productReference = BDE2DF3F1E70F2C300D1B56B /* HTTabBarControllerUITests.xctest */;
			productType = "com.apple.product-type.bundle.ui-testing";
		};
/* End PBXNativeTarget section */

/* Begin PBXProject section */
		BDE2DF131E70F2C300D1B56B /* Project object */ = {
			isa = PBXProject;
			attributes = {
				LastUpgradeCheck = 0730;
				ORGANIZATIONNAME = "一米阳光";
				TargetAttributes = {
					BDE2DF1A1E70F2C300D1B56B = {
						CreatedOnToolsVersion = 7.3;
					};
					BDE2DF331E70F2C300D1B56B = {
						CreatedOnToolsVersion = 7.3;
						TestTargetID = BDE2DF1A1E70F2C300D1B56B;
					};
					BDE2DF3E1E70F2C300D1B56B = {
						CreatedOnToolsVersion = 7.3;
						TestTargetID = BDE2DF1A1E70F2C300D1B56B;
					};
				};
			};
			buildConfigurationList = BDE2DF161E70F2C300D1B56B /* Build configuration list for PBXProject "HTTabBarController" */;
			compatibilityVersion = "Xcode 3.2";
			developmentRegion = English;
			hasScannedForEncodings = 0;
			knownRegions = (
				en,
				Base,
			);
			mainGroup = BDE2DF121E70F2C300D1B56B;
			productRefGroup = BDE2DF1C1E70F2C300D1B56B /* Products */;
			projectDirPath = "";
			projectRoot = "";
			targets = (
				BDE2DF1A1E70F2C300D1B56B /* HTTabBarController */,
				BDE2DF331E70F2C300D1B56B /* HTTabBarControllerTests */,
				BDE2DF3E1E70F2C300D1B56B /* HTTabBarControllerUITests */,
			);
		};
/* End PBXProject section */

/* Begin PBXResourcesBuildPhase section */
		BDE2DF191E70F2C300D1B56B /* Resources */ = {
			isa = PBXResourcesBuildPhase;
			buildActionMask = 2147483647;
			files = (
				BDE2DF2E1E70F2C300D1B56B /* LaunchScreen.storyboard in Resources */,
				BDE2DF2B1E70F2C300D1B56B /* Assets.xcassets in Resources */,
				BDE2DF291E70F2C300D1B56B /* Main.storyboard in Resources */,
			);
			runOnlyForDeploymentPostprocessing = 0;
		};
		BDE2DF321E70F2C300D1B56B /* Resources */ = {
			isa = PBXResourcesBuildPhase;
			buildActionMask = 2147483647;
			files = (
			);
			runOnlyForDeploymentPostprocessing = 0;
		};
		BDE2DF3D1E70F2C300D1B56B /* Resources */ = {
			isa = PBXResourcesBuildPhase;
			buildActionMask = 2147483647;
			files = (
			);
			runOnlyForDeploymentPostprocessing = 0;
		};
/* End PBXResourcesBuildPhase section */

/* Begin PBXSourcesBuildPhase section */
		BDE2DF171E70F2C300D1B56B /* Sources */ = {
			isa = PBXSourcesBuildPhase;
			buildActionMask = 2147483647;
			files = (
				BDE2DF5E1E70F31C00D1B56B /* SecondViewController.m in Sources */,
				BDE2DF5B1E70F31C00D1B56B /* FiveViewController.m in Sources */,
				BDE2DF231E70F2C300D1B56B /* AppDelegate.m in Sources */,
				BDE2DF5C1E70F31C00D1B56B /* FourViewController.m in Sources */,
				BDE2DF201E70F2C300D1B56B /* main.m in Sources */,
				BDE2DF651E70F39500D1B56B /* HTTools.m in Sources */,
				BDE2DF5D1E70F31C00D1B56B /* RootViewController.m in Sources */,
				BDE2DF5F1E70F31C00D1B56B /* ThirdViewController.m in Sources */,
			);
			runOnlyForDeploymentPostprocessing = 0;
		};
		BDE2DF301E70F2C300D1B56B /* Sources */ = {
			isa = PBXSourcesBuildPhase;
			buildActionMask = 2147483647;
			files = (
				BDE2DF391E70F2C300D1B56B /* HTTabBarControllerTests.m in Sources */,
			);
			runOnlyForDeploymentPostprocessing = 0;
		};
		BDE2DF3B1E70F2C300D1B56B /* Sources */ = {
			isa = PBXSourcesBuildPhase;
			buildActionMask = 2147483647;
			files = (
				BDE2DF441E70F2C300D1B56B /* HTTabBarControllerUITests.m in Sources */,
			);
			runOnlyForDeploymentPostprocessing = 0;
		};
/* End PBXSourcesBuildPhase section */

/* Begin PBXTargetDependency section */
		BDE2DF361E70F2C300D1B56B /* PBXTargetDependency */ = {
			isa = PBXTargetDependency;
			target = BDE2DF1A1E70F2C300D1B56B /* HTTabBarController */;
			targetProxy = BDE2DF351E70F2C300D1B56B /* PBXContainerItemProxy */;
		};
		BDE2DF411E70F2C300D1B56B /* PBXTargetDependency */ = {
			isa = PBXTargetDependency;
			target = BDE2DF1A1E70F2C300D1B56B /* HTTabBarController */;
			targetProxy = BDE2DF401E70F2C300D1B56B /* PBXContainerItemProxy */;
		};
/* End PBXTargetDependency section */

/* Begin PBXVariantGroup section */
		BDE2DF271E70F2C300D1B56B /* Main.storyboard */ = {
			isa = PBXVariantGroup;
			children = (
				BDE2DF281E70F2C300D1B56B /* Base */,
			);
			name = Main.storyboard;
			sourceTree = "<group>";
		};
		BDE2DF2C1E70F2C300D1B56B /* LaunchScreen.storyboard */ = {
			isa = PBXVariantGroup;
			children = (
				BDE2DF2D1E70F2C300D1B56B /* Base */,
			);
			name = LaunchScreen.storyboard;
			sourceTree = "<group>";
		};
/* End PBXVariantGroup section */

/* Begin XCBuildConfiguration section */
		BDE2DF461E70F2C300D1B56B /* Debug */ = {
			isa = XCBuildConfiguration;
			buildSettings = {
				ALWAYS_SEARCH_USER_PATHS = NO;
				CLANG_CXX_LANGUAGE_STANDARD = "gnu++0x";
				CLANG_CXX_LIBRARY = "libc++";
				CLANG_ENABLE_MODULES = YES;
				CLANG_ENABLE_OBJC_ARC = YES;
				CLANG_WARN_BOOL_CONVERSION = YES;
				CLANG_WARN_CONSTANT_CONVERSION = YES;
				CLANG_WARN_DIRECT_OBJC_ISA_USAGE = YES_ERROR;
				CLANG_WARN_EMPTY_BODY = YES;
				CLANG_WARN_ENUM_CONVERSION = YES;
				CLANG_WARN_INT_CONVERSION = YES;
				CLANG_WARN_OBJC_ROOT_CLASS = YES_ERROR;
				CLANG_WARN_UNREACHABLE_CODE = YES;
				CLANG_WARN__DUPLICATE_METHOD_MATCH = YES;
				"CODE_SIGN_IDENTITY[sdk=iphoneos*]" = "iPhone Developer";
				COPY_PHASE_STRIP = NO;
				DEBUG_INFORMATION_FORMAT = dwarf;
				ENABLE_STRICT_OBJC_MSGSEND = YES;
				ENABLE_TESTABILITY = YES;
				GCC_C_LANGUAGE_STANDARD = gnu99;
				GCC_DYNAMIC_NO_PIC = NO;
				GCC_NO_COMMON_BLOCKS = YES;
				GCC_OPTIMIZATION_LEVEL = 0;
				GCC_PREPROCESSOR_DEFINITIONS = (
					"DEBUG=1",
					"$(inherited)",
				);
				GCC_WARN_64_TO_32_BIT_CONVERSION = YES;
				GCC_WARN_ABOUT_RETURN_TYPE = YES_ERROR;
				GCC_WARN_UNDECLARED_SELECTOR = YES;
				GCC_WARN_UNINITIALIZED_AUTOS = YES_AGGRESSIVE;
				GCC_WARN_UNUSED_FUNCTION = YES;
				GCC_WARN_UNUSED_VARIABLE = YES;
				IPHONEOS_DEPLOYMENT_TARGET = 9.3;
				MTL_ENABLE_DEBUG_INFO = YES;
				ONLY_ACTIVE_ARCH = YES;
				SDKROOT = iphoneos;
			};
			name = Debug;
		};
		BDE2DF471E70F2C300D1B56B /* Release */ = {
			isa = XCBuildConfiguration;
			buildSettings = {
				ALWAYS_SEARCH_USER_PATHS = NO;
				CLANG_CXX_LANGUAGE_STANDARD = "gnu++0x";
				CLANG_CXX_LIBRARY = "libc++";
				CLANG_ENABLE_MODULES = YES;
				CLANG_ENABLE_OBJC_ARC = YES;
				CLANG_WARN_BOOL_CONVERSION = YES;
				CLANG_WARN_CONSTANT_CONVERSION = YES;
				CLANG_WARN_DIRECT_OBJC_ISA_USAGE = YES_ERROR;
				CLANG_WARN_EMPTY_BODY = YES;
				CLANG_WARN_ENUM_CONVERSION = YES;
				CLANG_WARN_INT_CONVERSION = YES;
				CLANG_WARN_OBJC_ROOT_CLASS = YES_ERROR;
				CLANG_WARN_UNREACHABLE_CODE = YES;
				CLANG_WARN__DUPLICATE_METHOD_MATCH = YES;
				"CODE_SIGN_IDENTITY[sdk=iphoneos*]" = "iPhone Developer";
				COPY_PHASE_STRIP = NO;
				DEBUG_INFORMATION_FORMAT = "dwarf-with-dsym";
				ENABLE_NS_ASSERTIONS = NO;
				ENABLE_STRICT_OBJC_MSGSEND = YES;
				GCC_C_LANGUAGE_STANDARD = gnu99;
				GCC_NO_COMMON_BLOCKS = YES;
				GCC_WARN_64_TO_32_BIT_CONVERSION = YES;
				GCC_WARN_ABOUT_RETURN_TYPE = YES_ERROR;
				GCC_WARN_UNDECLARED_SELECTOR = YES;
				GCC_WARN_UNINITIALIZED_AUTOS = YES_AGGRESSIVE;
				GCC_WARN_UNUSED_FUNCTION = YES;
				GCC_WARN_UNUSED_VARIABLE = YES;
				IPHONEOS_DEPLOYMENT_TARGET = 9.3;
				MTL_ENABLE_DEBUG_INFO = NO;
				SDKROOT = iphoneos;
				VALIDATE_PRODUCT = YES;
			};
			name = Release;
		};
		BDE2DF491E70F2C300D1B56B /* Debug */ = {
			isa = XCBuildConfiguration;
			buildSettings = {
				ASSETCATALOG_COMPILER_APPICON_NAME = AppIcon;
				INFOPLIST_FILE = HTTabBarController/Info.plist;
				LD_RUNPATH_SEARCH_PATHS = "$(inherited) @executable_path/Frameworks";
				PRODUCT_BUNDLE_IDENTIFIER = com.htreapay.xmantest.HTTabBarController;
				PRODUCT_NAME = "$(TARGET_NAME)";
			};
			name = Debug;
		};
		BDE2DF4A1E70F2C300D1B56B /* Release */ = {
			isa = XCBuildConfiguration;
			buildSettings = {
				ASSETCATALOG_COMPILER_APPICON_NAME = AppIcon;
				INFOPLIST_FILE = HTTabBarController/Info.plist;
				LD_RUNPATH_SEARCH_PATHS = "$(inherited) @executable_path/Frameworks";
				PRODUCT_BUNDLE_IDENTIFIER = com.htreapay.xmantest.HTTabBarController;
				PRODUCT_NAME = "$(TARGET_NAME)";
			};
			name = Release;
		};
		BDE2DF4C1E70F2C300D1B56B /* Debug */ = {
			isa = XCBuildConfiguration;
			buildSettings = {
				BUNDLE_LOADER = "$(TEST_HOST)";
				INFOPLIST_FILE = HTTabBarControllerTests/Info.plist;
				LD_RUNPATH_SEARCH_PATHS = "$(inherited) @executable_path/Frameworks @loader_path/Frameworks";
				PRODUCT_BUNDLE_IDENTIFIER = com.htreapay.xmantest.HTTabBarControllerTests;
				PRODUCT_NAME = "$(TARGET_NAME)";
				TEST_HOST = "$(BUILT_PRODUCTS_DIR)/HTTabBarController.app/HTTabBarController";
			};
			name = Debug;
		};
		BDE2DF4D1E70F2C300D1B56B /* Release */ = {
			isa = XCBuildConfiguration;
			buildSettings = {
				BUNDLE_LOADER = "$(TEST_HOST)";
				INFOPLIST_FILE = HTTabBarControllerTests/Info.plist;
				LD_RUNPATH_SEARCH_PATHS = "$(inherited) @executable_path/Frameworks @loader_path/Frameworks";
				PRODUCT_BUNDLE_IDENTIFIER = com.htreapay.xmantest.HTTabBarControllerTests;
				PRODUCT_NAME = "$(TARGET_NAME)";
				TEST_HOST = "$(BUILT_PRODUCTS_DIR)/HTTabBarController.app/HTTabBarController";
			};
			name = Release;
		};
		BDE2DF4F1E70F2C300D1B56B /* Debug */ = {
			isa = XCBuildConfiguration;
			buildSettings = {
				INFOPLIST_FILE = HTTabBarControllerUITests/Info.plist;
				LD_RUNPATH_SEARCH_PATHS = "$(inherited) @executable_path/Frameworks @loader_path/Frameworks";
				PRODUCT_BUNDLE_IDENTIFIER = com.htreapay.xmantest.HTTabBarControllerUITests;
				PRODUCT_NAME = "$(TARGET_NAME)";
				TEST_TARGET_NAME = HTTabBarController;
			};
			name = Debug;
		};
		BDE2DF501E70F2C300D1B56B /* Release */ = {
			isa = XCBuildConfiguration;
			buildSettings = {
				INFOPLIST_FILE = HTTabBarControllerUITests/Info.plist;
				LD_RUNPATH_SEARCH_PATHS = "$(inherited) @executable_path/Frameworks @loader_path/Frameworks";
				PRODUCT_BUNDLE_IDENTIFIER = com.htreapay.xmantest.HTTabBarControllerUITests;
				PRODUCT_NAME = "$(TARGET_NAME)";
				TEST_TARGET_NAME = HTTabBarController;
			};
			name = Release;
		};
/* End XCBuildConfiguration section */

/* Begin XCConfigurationList section */
		BDE2DF161E70F2C300D1B56B /* Build configuration list for PBXProject "HTTabBarController" */ = {
			isa = XCConfigurationList;
			buildConfigurations = (
				BDE2DF461E70F2C300D1B56B /* Debug */,
				BDE2DF471E70F2C300D1B56B /* Release */,
			);
			defaultConfigurationIsVisible = 0;
			defaultConfigurationName = Release;
		};
		BDE2DF481E70F2C300D1B56B /* Build configuration list for PBXNativeTarget "HTTabBarController" */ = {
			isa = XCConfigurationList;
			buildConfigurations = (
				BDE2DF491E70F2C300D1B56B /* Debug */,
				BDE2DF4A1E70F2C300D1B56B /* Release */,
			);
			defaultConfigurationIsVisible = 0;
		};
		BDE2DF4B1E70F2C300D1B56B /* Build configuration list for PBXNativeTarget "HTTabBarControllerTests" */ = {
			isa = XCConfigurationList;
			buildConfigurations = (
				BDE2DF4C1E70F2C300D1B56B /* Debug */,
				BDE2DF4D1E70F2C300D1B56B /* Release */,
			);
			defaultConfigurationIsVisible = 0;
		};
		BDE2DF4E1E70F2C300D1B56B /* Build configuration list for PBXNativeTarget "HTTabBarControllerUITests" */ = {
			isa = XCConfigurationList;
			buildConfigurations = (
				BDE2DF4F1E70F2C300D1B56B /* Debug */,
				BDE2DF501E70F2C300D1B56B /* Release */,
			);
			defaultConfigurationIsVisible = 0;
		};
/* End XCConfigurationList section */
	};
	rootObject = BDE2DF131E70F2C300D1B56B /* Project object */;
}
